
Microsoft Visual Studio Solution File, Format Version 12.00
# Visual Studio 15
VisualStudioVersion = 15.0.27703.2047
MinimumVisualStudioVersion = 10.0.40219.1
Project("{FAE04EC0-301F-11D3-BF4B-00C04F79EFBC}") = "Plovykla", "Plovykla\Plovykla.csproj", "{2DA0235A-3F25-412C-B147-1FC5910BD14D}"
EndProject
Global
	GlobalSection(SolutionConfigurationPlatforms) = preSolution
		Debug|Any CPU = Debug|Any CPU
		Release|Any CPU = Release|Any CPU
	EndGlobalSection
	GlobalSection(ProjectConfigurationPlatforms) = postSolution
		{2DA0235A-3F25-412C-B147-1FC5910BD14D}.Debug|Any CPU.ActiveCfg = Debug|Any CPU
		{2DA0235A-3F25-412C-B147-1FC5910BD14D}.Debug|Any CPU.Build.0 = Debug|Any CPU
		{2DA0235A-3F25-412C-B147-1FC5910BD14D}.Release|Any CPU.ActiveCfg = Release|Any CPU
		{2DA0235A-3F25-412C-B147-1FC5910BD14D}.Release|Any CPU.Build.0 = Release|Any CPU
	EndGlobalSection
	GlobalSection(SolutionProperties) = preSolution
		HideSolutionNode = FALSE
	EndGlobalSection
	GlobalSection(ExtensibilityGlobals) = postSolution
		SolutionGuid = {6DCDF856-477D-4F19-874F-249F41E74D62}
	EndGlobalSection
EndGlobal
